
Microsoft Visual Studio Solution File, Format Version 12.00
# Visual Studio Version 17
VisualStudioVersion = 17.6.33829.357
MinimumVisualStudioVersion = 10.0.40219.1
Project("{FAE04EC0-301F-11D3-BF4B-00C04F79EFBC}") = "Demo.PL", "Demo.PL\Demo.PL.csproj", "{2CB59961-9EB6-4AEE-9D16-4236ED6CC684}"
EndProject
Project("{FAE04EC0-301F-11D3-BF4B-00C04F79EFBC}") = "DAL", "DAL\DAL.csproj", "{8081D0B1-89A5-49D3-AC9D-B963226B5414}"
EndProject
Project("{FAE04EC0-301F-11D3-BF4B-00C04F79EFBC}") = "BLL", "BLL\BLL.csproj", "{B0D637FC-BDCC-46B0-81B1-55F811A792E5}"
EndProject
Global
	GlobalSection(SolutionConfigurationPlatforms) = preSolution
		Debug|Any CPU = Debug|Any CPU
		Release|Any CPU = Release|Any CPU
	EndGlobalSection
	GlobalSection(ProjectConfigurationPlatforms) = postSolution
		{2CB59961-9EB6-4AEE-9D16-4236ED6CC684}.Debug|Any CPU.ActiveCfg = Debug|Any CPU
		{2CB59961-9EB6-4AEE-9D16-4236ED6CC684}.Debug|Any CPU.Build.0 = Debug|Any CPU
		{2CB59961-9EB6-4AEE-9D16-4236ED6CC684}.Release|Any CPU.ActiveCfg = Release|Any CPU
		{2CB59961-9EB6-4AEE-9D16-4236ED6CC684}.Release|Any CPU.Build.0 = Release|Any CPU
		{8081D0B1-89A5-49D3-AC9D-B963226B5414}.Debug|Any CPU.ActiveCfg = Debug|Any CPU
		{8081D0B1-89A5-49D3-AC9D-B963226B5414}.Debug|Any CPU.Build.0 = Debug|Any CPU
		{8081D0B1-89A5-49D3-AC9D-B963226B5414}.Release|Any CPU.ActiveCfg = Release|Any CPU
		{8081D0B1-89A5-49D3-AC9D-B963226B5414}.Release|Any CPU.Build.0 = Release|Any CPU
		{B0D637FC-BDCC-46B0-81B1-55F811A792E5}.Debug|Any CPU.ActiveCfg = Debug|Any CPU
		{B0D637FC-BDCC-46B0-81B1-55F811A792E5}.Debug|Any CPU.Build.0 = Debug|Any CPU
		{B0D637FC-BDCC-46B0-81B1-55F811A792E5}.Release|Any CPU.ActiveCfg = Release|Any CPU
		{B0D637FC-BDCC-46B0-81B1-55F811A792E5}.Release|Any CPU.Build.0 = Release|Any CPU
	EndGlobalSection
	GlobalSection(SolutionProperties) = preSolution
		HideSolutionNode = FALSE
	EndGlobalSection
	GlobalSection(ExtensibilityGlobals) = postSolution
		SolutionGuid = {8F4C6107-F1A1-48D5-90B9-9FC2850A6C8B}
	EndGlobalSection
EndGlobal
